// !$*UTF8*$!
{
	archiveVersion = 1;
	classes = {
	};
	objectVersion = 50;
	objects = {

/* Begin PBXBuildFile section */
		8709C2DD22C0A2EC0027473A /* CrudeTimer.cpp in Sources */ = {isa = PBXBuildFile; fileRef = 8709C2DB22C0A2EC0027473A /* CrudeTimer.cpp */; };
		870E838122BF4D1600B6674E /* MessageDispatcher.cpp in Sources */ = {isa = PBXBuildFile; fileRef = 870E837F22BF4D1600B6674E /* MessageDispatcher.cpp */; };
		870FCBDA22BD0DA900F43EB7 /* DoHouseWork.cpp in Sources */ = {isa = PBXBuildFile; fileRef = 870FCBC222BD0DA700F43EB7 /* DoHouseWork.cpp */; };
		870FCBDB22BD0DA900F43EB7 /* MinersWife.cpp in Sources */ = {isa = PBXBuildFile; fileRef = 870FCBC422BD0DA800F43EB7 /* MinersWife.cpp */; };
		870FCBDC22BD0DA900F43EB7 /* GoHomeAndSleepTilRested.cpp in Sources */ = {isa = PBXBuildFile; fileRef = 870FCBC522BD0DA800F43EB7 /* GoHomeAndSleepTilRested.cpp */; };
		870FCBDD22BD0DA900F43EB7 /* VisitBankAndDepositGold.cpp in Sources */ = {isa = PBXBuildFile; fileRef = 870FCBCC22BD0DA800F43EB7 /* VisitBankAndDepositGold.cpp */; };
		870FCBDE22BD0DA900F43EB7 /* WifesGlobalState.cpp in Sources */ = {isa = PBXBuildFile; fileRef = 870FCBCD22BD0DA800F43EB7 /* WifesGlobalState.cpp */; };
		870FCBDF22BD0DA900F43EB7 /* Miner.cpp in Sources */ = {isa = PBXBuildFile; fileRef = 870FCBCE22BD0DA800F43EB7 /* Miner.cpp */; };
		870FCBE022BD0DA900F43EB7 /* VisitBathroom.cpp in Sources */ = {isa = PBXBuildFile; fileRef = 870FCBD122BD0DA800F43EB7 /* VisitBathroom.cpp */; };
		870FCBE122BD0DA900F43EB7 /* EnterMineAndDigForNugget.cpp in Sources */ = {isa = PBXBuildFile; fileRef = 870FCBD322BD0DA900F43EB7 /* EnterMineAndDigForNugget.cpp */; };
		870FCBE222BD0DA900F43EB7 /* QuenchThirst.cpp in Sources */ = {isa = PBXBuildFile; fileRef = 870FCBD722BD0DA900F43EB7 /* QuenchThirst.cpp */; };
		870FCBE322BD0DA900F43EB7 /* BaseGameEntity.cpp in Sources */ = {isa = PBXBuildFile; fileRef = 870FCBD922BD0DA900F43EB7 /* BaseGameEntity.cpp */; };
		870FCBE522BD0E4E00F43EB7 /* main.cpp in Sources */ = {isa = PBXBuildFile; fileRef = 870FCBE422BD0E4E00F43EB7 /* main.cpp */; };
		870FCBEE22BD1E8100F43EB7 /* EntityManager.cpp in Sources */ = {isa = PBXBuildFile; fileRef = 870FCBEC22BD1E8100F43EB7 /* EntityManager.cpp */; };
		87341F9F22CE4FF6006DF4FF /* CookStew.cpp in Sources */ = {isa = PBXBuildFile; fileRef = 87341F9D22CE4FF6006DF4FF /* CookStew.cpp */; };
		87341FA222CE589D006DF4FF /* EatStew.cpp in Sources */ = {isa = PBXBuildFile; fileRef = 87341FA022CE589D006DF4FF /* EatStew.cpp */; };
/* End PBXBuildFile section */

/* Begin PBXCopyFilesBuildPhase section */
		870FCBB622BD0B2600F43EB7 /* CopyFiles */ = {
			isa = PBXCopyFilesBuildPhase;
			buildActionMask = 2147483647;
			dstPath = /usr/share/man/man1/;
			dstSubfolderSpec = 0;
			files = (
			);
			runOnlyForDeploymentPostprocessing = 1;
		};
/* End PBXCopyFilesBuildPhase section */

/* Begin PBXFileReference section */
		8709C2DB22C0A2EC0027473A /* CrudeTimer.cpp */ = {isa = PBXFileReference; fileEncoding = 4; lastKnownFileType = sourcecode.cpp.cpp; path = CrudeTimer.cpp; sourceTree = "<group>"; };
		8709C2DC22C0A2EC0027473A /* CrudeTimer.h */ = {isa = PBXFileReference; fileEncoding = 4; lastKnownFileType = sourcecode.c.h; path = CrudeTimer.h; sourceTree = "<group>"; };
		870E837F22BF4D1600B6674E /* MessageDispatcher.cpp */ = {isa = PBXFileReference; lastKnownFileType = sourcecode.cpp.cpp; path = MessageDispatcher.cpp; sourceTree = "<group>"; };
		870E838022BF4D1600B6674E /* MessageDispatcher.hpp */ = {isa = PBXFileReference; lastKnownFileType = sourcecode.cpp.h; path = MessageDispatcher.hpp; sourceTree = "<group>"; };
		870FCBB822BD0B2600F43EB7 /* WestWorldWithMessaging */ = {isa = PBXFileReference; explicitFileType = "compiled.mach-o.executable"; includeInIndex = 0; path = WestWorldWithMessaging; sourceTree = BUILT_PRODUCTS_DIR; };
		870FCBC222BD0DA700F43EB7 /* DoHouseWork.cpp */ = {isa = PBXFileReference; fileEncoding = 4; lastKnownFileType = sourcecode.cpp.cpp; path = DoHouseWork.cpp; sourceTree = "<group>"; };
		870FCBC322BD0DA700F43EB7 /* EntityNames.hpp */ = {isa = PBXFileReference; fileEncoding = 4; lastKnownFileType = sourcecode.cpp.h; path = EntityNames.hpp; sourceTree = "<group>"; };
		870FCBC422BD0DA800F43EB7 /* MinersWife.cpp */ = {isa = PBXFileReference; fileEncoding = 4; lastKnownFileType = sourcecode.cpp.cpp; path = MinersWife.cpp; sourceTree = "<group>"; };
		870FCBC522BD0DA800F43EB7 /* GoHomeAndSleepTilRested.cpp */ = {isa = PBXFileReference; fileEncoding = 4; lastKnownFileType = sourcecode.cpp.cpp; path = GoHomeAndSleepTilRested.cpp; sourceTree = "<group>"; };
		870FCBC622BD0DA800F43EB7 /* QuenchThirst.hpp */ = {isa = PBXFileReference; fileEncoding = 4; lastKnownFileType = sourcecode.cpp.h; path = QuenchThirst.hpp; sourceTree = "<group>"; };
		870FCBC722BD0DA800F43EB7 /* State.hpp */ = {isa = PBXFileReference; fileEncoding = 4; lastKnownFileType = sourcecode.cpp.h; path = State.hpp; sourceTree = "<group>"; };
		870FCBC822BD0DA800F43EB7 /* VisitBankAndDepositGold.hpp */ = {isa = PBXFileReference; fileEncoding = 4; lastKnownFileType = sourcecode.cpp.h; path = VisitBankAndDepositGold.hpp; sourceTree = "<group>"; };
		870FCBC922BD0DA800F43EB7 /* StateMachine.hpp */ = {isa = PBXFileReference; fileEncoding = 4; lastKnownFileType = sourcecode.cpp.h; path = StateMachine.hpp; sourceTree = "<group>"; };
		870FCBCA22BD0DA800F43EB7 /* VisitBathroom.hpp */ = {isa = PBXFileReference; fileEncoding = 4; lastKnownFileType = sourcecode.cpp.h; path = VisitBathroom.hpp; sourceTree = "<group>"; };
		870FCBCB22BD0DA800F43EB7 /* EnterMineAndDigForNugget.hpp */ = {isa = PBXFileReference; fileEncoding = 4; lastKnownFileType = sourcecode.cpp.h; path = EnterMineAndDigForNugget.hpp; sourceTree = "<group>"; };
		870FCBCC22BD0DA800F43EB7 /* VisitBankAndDepositGold.cpp */ = {isa = PBXFileReference; fileEncoding = 4; lastKnownFileType = sourcecode.cpp.cpp; path = VisitBankAndDepositGold.cpp; sourceTree = "<group>"; };
		870FCBCD22BD0DA800F43EB7 /* WifesGlobalState.cpp */ = {isa = PBXFileReference; fileEncoding = 4; lastKnownFileType = sourcecode.cpp.cpp; path = WifesGlobalState.cpp; sourceTree = "<group>"; };
		870FCBCE22BD0DA800F43EB7 /* Miner.cpp */ = {isa = PBXFileReference; fileEncoding = 4; lastKnownFileType = sourcecode.cpp.cpp; path = Miner.cpp; sourceTree = "<group>"; };
		870FCBCF22BD0DA800F43EB7 /* GoHomeAndSleepTilRested.hpp */ = {isa = PBXFileReference; fileEncoding = 4; lastKnownFileType = sourcecode.cpp.h; path = GoHomeAndSleepTilRested.hpp; sourceTree = "<group>"; };
		870FCBD022BD0DA800F43EB7 /* Locations.hpp */ = {isa = PBXFileReference; fileEncoding = 4; lastKnownFileType = sourcecode.cpp.h; path = Locations.hpp; sourceTree = "<group>"; };
		870FCBD122BD0DA800F43EB7 /* VisitBathroom.cpp */ = {isa = PBXFileReference; fileEncoding = 4; lastKnownFileType = sourcecode.cpp.cpp; path = VisitBathroom.cpp; sourceTree = "<group>"; };
		870FCBD222BD0DA800F43EB7 /* MinersWife.hpp */ = {isa = PBXFileReference; fileEncoding = 4; lastKnownFileType = sourcecode.cpp.h; path = MinersWife.hpp; sourceTree = "<group>"; };
		870FCBD322BD0DA900F43EB7 /* EnterMineAndDigForNugget.cpp */ = {isa = PBXFileReference; fileEncoding = 4; lastKnownFileType = sourcecode.cpp.cpp; path = EnterMineAndDigForNugget.cpp; sourceTree = "<group>"; };
		870FCBD422BD0DA900F43EB7 /* DoHouseWork.hpp */ = {isa = PBXFileReference; fileEncoding = 4; lastKnownFileType = sourcecode.cpp.h; path = DoHouseWork.hpp; sourceTree = "<group>"; };
		870FCBD522BD0DA900F43EB7 /* BaseGameEntity.hpp */ = {isa = PBXFileReference; fileEncoding = 4; lastKnownFileType = sourcecode.cpp.h; path = BaseGameEntity.hpp; sourceTree = "<group>"; };
		870FCBD622BD0DA900F43EB7 /* Miner.hpp */ = {isa = PBXFileReference; fileEncoding = 4; lastKnownFileType = sourcecode.cpp.h; path = Miner.hpp; sourceTree = "<group>"; };
		870FCBD722BD0DA900F43EB7 /* QuenchThirst.cpp */ = {isa = PBXFileReference; fileEncoding = 4; lastKnownFileType = sourcecode.cpp.cpp; path = QuenchThirst.cpp; sourceTree = "<group>"; };
		870FCBD822BD0DA900F43EB7 /* WifesGlobalState.hpp */ = {isa = PBXFileReference; fileEncoding = 4; lastKnownFileType = sourcecode.cpp.h; path = WifesGlobalState.hpp; sourceTree = "<group>"; };
		870FCBD922BD0DA900F43EB7 /* BaseGameEntity.cpp */ = {isa = PBXFileReference; fileEncoding = 4; lastKnownFileType = sourcecode.cpp.cpp; path = BaseGameEntity.cpp; sourceTree = "<group>"; };
		870FCBE422BD0E4E00F43EB7 /* main.cpp */ = {isa = PBXFileReference; fileEncoding = 4; lastKnownFileType = sourcecode.cpp.cpp; path = main.cpp; sourceTree = "<group>"; };
		870FCBE722BD165900F43EB7 /* Telegram.hpp */ = {isa = PBXFileReference; lastKnownFileType = sourcecode.cpp.h; path = Telegram.hpp; sourceTree = "<group>"; };
		870FCBEA22BD1B1100F43EB7 /* MessageTypes.hpp */ = {isa = PBXFileReference; lastKnownFileType = sourcecode.cpp.h; path = MessageTypes.hpp; sourceTree = "<group>"; };
		870FCBEC22BD1E8100F43EB7 /* EntityManager.cpp */ = {isa = PBXFileReference; lastKnownFileType = sourcecode.cpp.cpp; path = EntityManager.cpp; sourceTree = "<group>"; };
		870FCBED22BD1E8100F43EB7 /* EntityManager.hpp */ = {isa = PBXFileReference; lastKnownFileType = sourcecode.cpp.h; path = EntityManager.hpp; sourceTree = "<group>"; };
		87341F9D22CE4FF6006DF4FF /* CookStew.cpp */ = {isa = PBXFileReference; lastKnownFileType = sourcecode.cpp.cpp; path = CookStew.cpp; sourceTree = "<group>"; };
		87341F9E22CE4FF6006DF4FF /* CookStew.hpp */ = {isa = PBXFileReference; lastKnownFileType = sourcecode.cpp.h; path = CookStew.hpp; sourceTree = "<group>"; };
		87341FA022CE589D006DF4FF /* EatStew.cpp */ = {isa = PBXFileReference; lastKnownFileType = sourcecode.cpp.cpp; path = EatStew.cpp; sourceTree = "<group>"; };
		87341FA122CE589D006DF4FF /* EatStew.hpp */ = {isa = PBXFileReference; lastKnownFileType = sourcecode.cpp.h; path = EatStew.hpp; sourceTree = "<group>"; };
/* End PBXFileReference section */

/* Begin PBXFrameworksBuildPhase section */
		870FCBB522BD0B2600F43EB7 /* Frameworks */ = {
			isa = PBXFrameworksBuildPhase;
			buildActionMask = 2147483647;
			files = (
			);
			runOnlyForDeploymentPostprocessing = 0;
		};
/* End PBXFrameworksBuildPhase section */

/* Begin PBXGroup section */
		870FCBAF22BD0B2600F43EB7 = {
			isa = PBXGroup;
			children = (
				870FCBBA22BD0B2600F43EB7 /* WestWorldWithMessaging */,
				870FCBB922BD0B2600F43EB7 /* Products */,
			);
			sourceTree = "<group>";
		};
		870FCBB922BD0B2600F43EB7 /* Products */ = {
			isa = PBXGroup;
			children = (
				870FCBB822BD0B2600F43EB7 /* WestWorldWithMessaging */,
			);
			name = Products;
			sourceTree = "<group>";
		};
		870FCBBA22BD0B2600F43EB7 /* WestWorldWithMessaging */ = {
			isa = PBXGroup;
			children = (
				870FCBE422BD0E4E00F43EB7 /* main.cpp */,
				8709C2DB22C0A2EC0027473A /* CrudeTimer.cpp */,
				8709C2DC22C0A2EC0027473A /* CrudeTimer.h */,
				870FCBD922BD0DA900F43EB7 /* BaseGameEntity.cpp */,
				870FCBD522BD0DA900F43EB7 /* BaseGameEntity.hpp */,
				870FCBC322BD0DA700F43EB7 /* EntityNames.hpp */,
				870FCBD022BD0DA800F43EB7 /* Locations.hpp */,
				870FCBEA22BD1B1100F43EB7 /* MessageTypes.hpp */,
				870FCBE722BD165900F43EB7 /* Telegram.hpp */,
				870FCBC722BD0DA800F43EB7 /* State.hpp */,
				870FCBC922BD0DA800F43EB7 /* StateMachine.hpp */,
				870FCBEC22BD1E8100F43EB7 /* EntityManager.cpp */,
				870FCBED22BD1E8100F43EB7 /* EntityManager.hpp */,
				870E837F22BF4D1600B6674E /* MessageDispatcher.cpp */,
				870E838022BF4D1600B6674E /* MessageDispatcher.hpp */,
				870FCBCE22BD0DA800F43EB7 /* Miner.cpp */,
				870FCBD622BD0DA900F43EB7 /* Miner.hpp */,
				870FCBD322BD0DA900F43EB7 /* EnterMineAndDigForNugget.cpp */,
				870FCBCB22BD0DA800F43EB7 /* EnterMineAndDigForNugget.hpp */,
				870FCBC522BD0DA800F43EB7 /* GoHomeAndSleepTilRested.cpp */,
				870FCBCF22BD0DA800F43EB7 /* GoHomeAndSleepTilRested.hpp */,
				870FCBD722BD0DA900F43EB7 /* QuenchThirst.cpp */,
				870FCBC622BD0DA800F43EB7 /* QuenchThirst.hpp */,
				870FCBCC22BD0DA800F43EB7 /* VisitBankAndDepositGold.cpp */,
				870FCBC822BD0DA800F43EB7 /* VisitBankAndDepositGold.hpp */,
				87341FA022CE589D006DF4FF /* EatStew.cpp */,
				87341FA122CE589D006DF4FF /* EatStew.hpp */,
				870FCBC422BD0DA800F43EB7 /* MinersWife.cpp */,
				870FCBD222BD0DA800F43EB7 /* MinersWife.hpp */,
				870FCBCD22BD0DA800F43EB7 /* WifesGlobalState.cpp */,
				870FCBD822BD0DA900F43EB7 /* WifesGlobalState.hpp */,
				870FCBC222BD0DA700F43EB7 /* DoHouseWork.cpp */,
				870FCBD422BD0DA900F43EB7 /* DoHouseWork.hpp */,
				870FCBD122BD0DA800F43EB7 /* VisitBathroom.cpp */,
				870FCBCA22BD0DA800F43EB7 /* VisitBathroom.hpp */,
				87341F9D22CE4FF6006DF4FF /* CookStew.cpp */,
				87341F9E22CE4FF6006DF4FF /* CookStew.hpp */,
			);
			name = WestWorldWithMessaging;
			path = "/Users/tanaka/Desktop/Programming Game AI/Chapter2-State Machines/WestWorldWithMessaging/WestWorldWithMessaging";
			sourceTree = "<absolute>";
		};
/* End PBXGroup section */

/* Begin PBXNativeTarget section */
		870FCBB722BD0B2600F43EB7 /* WestWorldWithMessaging */ = {
			isa = PBXNativeTarget;
			buildConfigurationList = 870FCBBF22BD0B2600F43EB7 /* Build configuration list for PBXNativeTarget "WestWorldWithMessaging" */;
			buildPhases = (
				870FCBB422BD0B2600F43EB7 /* Sources */,
				870FCBB522BD0B2600F43EB7 /* Frameworks */,
				870FCBB622BD0B2600F43EB7 /* CopyFiles */,
			);
			buildRules = (
			);
			dependencies = (
			);
			name = WestWorldWithMessaging;
			productName = WestWorldWithMessaging;
			productReference = 870FCBB822BD0B2600F43EB7 /* WestWorldWithMessaging */;
			productType = "com.apple.product-type.tool";
		};
/* End PBXNativeTarget section */

/* Begin PBXProject section */
		870FCBB022BD0B2600F43EB7 /* Project object */ = {
			isa = PBXProject;
			attributes = {
				LastUpgradeCheck = 1020;
				ORGANIZATIONNAME = "田中皓己";
				TargetAttributes = {
					870FCBB722BD0B2600F43EB7 = {
						CreatedOnToolsVersion = 10.2.1;
					};
				};
			};
			buildConfigurationList = 870FCBB322BD0B2600F43EB7 /* Build configuration list for PBXProject "WestWorldWithMessaging" */;
			compatibilityVersion = "Xcode 9.3";
			developmentRegion = en;
			hasScannedForEncodings = 0;
			knownRegions = (
				en,
			);
			mainGroup = 870FCBAF22BD0B2600F43EB7;
			productRefGroup = 870FCBB922BD0B2600F43EB7 /* Products */;
			projectDirPath = "";
			projectRoot = "";
			targets = (
				870FCBB722BD0B2600F43EB7 /* WestWorldWithMessaging */,
			);
		};
/* End PBXProject section */

/* Begin PBXSourcesBuildPhase section */
		870FCBB422BD0B2600F43EB7 /* Sources */ = {
			isa = PBXSourcesBuildPhase;
			buildActionMask = 2147483647;
			files = (
				870E838122BF4D1600B6674E /* MessageDispatcher.cpp in Sources */,
				870FCBDD22BD0DA900F43EB7 /* VisitBankAndDepositGold.cpp in Sources */,
				870FCBDB22BD0DA900F43EB7 /* MinersWife.cpp in Sources */,
				870FCBDC22BD0DA900F43EB7 /* GoHomeAndSleepTilRested.cpp in Sources */,
				870FCBE222BD0DA900F43EB7 /* QuenchThirst.cpp in Sources */,
				870FCBE522BD0E4E00F43EB7 /* main.cpp in Sources */,
				870FCBDF22BD0DA900F43EB7 /* Miner.cpp in Sources */,
				8709C2DD22C0A2EC0027473A /* CrudeTimer.cpp in Sources */,
				870FCBE322BD0DA900F43EB7 /* BaseGameEntity.cpp in Sources */,
				87341FA222CE589D006DF4FF /* EatStew.cpp in Sources */,
				870FCBE122BD0DA900F43EB7 /* EnterMineAndDigForNugget.cpp in Sources */,
				870FCBDA22BD0DA900F43EB7 /* DoHouseWork.cpp in Sources */,
				870FCBDE22BD0DA900F43EB7 /* WifesGlobalState.cpp in Sources */,
				870FCBEE22BD1E8100F43EB7 /* EntityManager.cpp in Sources */,
				87341F9F22CE4FF6006DF4FF /* CookStew.cpp in Sources */,
				870FCBE022BD0DA900F43EB7 /* VisitBathroom.cpp in Sources */,
			);
			runOnlyForDeploymentPostprocessing = 0;
		};
/* End PBXSourcesBuildPhase section */

/* Begin XCBuildConfiguration section */
		870FCBBD22BD0B2600F43EB7 /* Debug */ = {
			isa = XCBuildConfiguration;
			buildSettings = {
				ALWAYS_SEARCH_USER_PATHS = NO;
				CLANG_ANALYZER_NONNULL = YES;
				CLANG_ANALYZER_NUMBER_OBJECT_CONVERSION = YES_AGGRESSIVE;
				CLANG_CXX_LANGUAGE_STANDARD = "gnu++14";
				CLANG_CXX_LIBRARY = "libc++";
				CLANG_ENABLE_MODULES = YES;
				CLANG_ENABLE_OBJC_ARC = YES;
				CLANG_ENABLE_OBJC_WEAK = YES;
				CLANG_WARN_BLOCK_CAPTURE_AUTORELEASING = YES;
				CLANG_WARN_BOOL_CONVERSION = YES;
				CLANG_WARN_COMMA = YES;
				CLANG_WARN_CONSTANT_CONVERSION = YES;
				CLANG_WARN_DEPRECATED_OBJC_IMPLEMENTATIONS = YES;
				CLANG_WARN_DIRECT_OBJC_ISA_USAGE = YES_ERROR;
				CLANG_WARN_DOCUMENTATION_COMMENTS = YES;
				CLANG_WARN_EMPTY_BODY = YES;
				CLANG_WARN_ENUM_CONVERSION = YES;
				CLANG_WARN_INFINITE_RECURSION = YES;
				CLANG_WARN_INT_CONVERSION = YES;
				CLANG_WARN_NON_LITERAL_NULL_CONVERSION = YES;
				CLANG_WARN_OBJC_IMPLICIT_RETAIN_SELF = YES;
				CLANG_WARN_OBJC_LITERAL_CONVERSION = YES;
				CLANG_WARN_OBJC_ROOT_CLASS = YES_ERROR;
				CLANG_WARN_RANGE_LOOP_ANALYSIS = YES;
				CLANG_WARN_STRICT_PROTOTYPES = YES;
				CLANG_WARN_SUSPICIOUS_MOVE = YES;
				CLANG_WARN_UNGUARDED_AVAILABILITY = YES_AGGRESSIVE;
				CLANG_WARN_UNREACHABLE_CODE = YES;
				CLANG_WARN__DUPLICATE_METHOD_MATCH = YES;
				CODE_SIGN_IDENTITY = "-";
				COPY_PHASE_STRIP = NO;
				DEBUG_INFORMATION_FORMAT = dwarf;
				ENABLE_STRICT_OBJC_MSGSEND = YES;
				ENABLE_TESTABILITY = YES;
				GCC_C_LANGUAGE_STANDARD = gnu11;
				GCC_DYNAMIC_NO_PIC = NO;
				GCC_NO_COMMON_BLOCKS = YES;
				GCC_OPTIMIZATION_LEVEL = 0;
				GCC_PREPROCESSOR_DEFINITIONS = (
					"DEBUG=1",
					"$(inherited)",
				);
				GCC_WARN_64_TO_32_BIT_CONVERSION = YES;
				GCC_WARN_ABOUT_RETURN_TYPE = YES_ERROR;
				GCC_WARN_UNDECLARED_SELECTOR = YES;
				GCC_WARN_UNINITIALIZED_AUTOS = YES_AGGRESSIVE;
				GCC_WARN_UNUSED_FUNCTION = YES;
				GCC_WARN_UNUSED_VARIABLE = YES;
				MACOSX_DEPLOYMENT_TARGET = 10.14;
				MTL_ENABLE_DEBUG_INFO = INCLUDE_SOURCE;
				MTL_FAST_MATH = YES;
				ONLY_ACTIVE_ARCH = YES;
				SDKROOT = macosx;
			};
			name = Debug;
		};
		870FCBBE22BD0B2600F43EB7 /* Release */ = {
			isa = XCBuildConfiguration;
			buildSettings = {
				ALWAYS_SEARCH_USER_PATHS = NO;
				CLANG_ANALYZER_NONNULL = YES;
				CLANG_ANALYZER_NUMBER_OBJECT_CONVERSION = YES_AGGRESSIVE;
				CLANG_CXX_LANGUAGE_STANDARD = "gnu++14";
				CLANG_CXX_LIBRARY = "libc++";
				CLANG_ENABLE_MODULES = YES;
				CLANG_ENABLE_OBJC_ARC = YES;
				CLANG_ENABLE_OBJC_WEAK = YES;
				CLANG_WARN_BLOCK_CAPTURE_AUTORELEASING = YES;
				CLANG_WARN_BOOL_CONVERSION = YES;
				CLANG_WARN_COMMA = YES;
				CLANG_WARN_CONSTANT_CONVERSION = YES;
				CLANG_WARN_DEPRECATED_OBJC_IMPLEMENTATIONS = YES;
				CLANG_WARN_DIRECT_OBJC_ISA_USAGE = YES_ERROR;
				CLANG_WARN_DOCUMENTATION_COMMENTS = YES;
				CLANG_WARN_EMPTY_BODY = YES;
				CLANG_WARN_ENUM_CONVERSION = YES;
				CLANG_WARN_INFINITE_RECURSION = YES;
				CLANG_WARN_INT_CONVERSION = YES;
				CLANG_WARN_NON_LITERAL_NULL_CONVERSION = YES;
				CLANG_WARN_OBJC_IMPLICIT_RETAIN_SELF = YES;
				CLANG_WARN_OBJC_LITERAL_CONVERSION = YES;
				CLANG_WARN_OBJC_ROOT_CLASS = YES_ERROR;
				CLANG_WARN_RANGE_LOOP_ANALYSIS = YES;
				CLANG_WARN_STRICT_PROTOTYPES = YES;
				CLANG_WARN_SUSPICIOUS_MOVE = YES;
				CLANG_WARN_UNGUARDED_AVAILABILITY = YES_AGGRESSIVE;
				CLANG_WARN_UNREACHABLE_CODE = YES;
				CLANG_WARN__DUPLICATE_METHOD_MATCH = YES;
				CODE_SIGN_IDENTITY = "-";
				COPY_PHASE_STRIP = NO;
				DEBUG_INFORMATION_FORMAT = "dwarf-with-dsym";
				ENABLE_NS_ASSERTIONS = NO;
				ENABLE_STRICT_OBJC_MSGSEND = YES;
				GCC_C_LANGUAGE_STANDARD = gnu11;
				GCC_NO_COMMON_BLOCKS = YES;
				GCC_WARN_64_TO_32_BIT_CONVERSION = YES;
				GCC_WARN_ABOUT_RETURN_TYPE = YES_ERROR;
				GCC_WARN_UNDECLARED_SELECTOR = YES;
				GCC_WARN_UNINITIALIZED_AUTOS = YES_AGGRESSIVE;
				GCC_WARN_UNUSED_FUNCTION = YES;
				GCC_WARN_UNUSED_VARIABLE = YES;
				MACOSX_DEPLOYMENT_TARGET = 10.14;
				MTL_ENABLE_DEBUG_INFO = NO;
				MTL_FAST_MATH = YES;
				SDKROOT = macosx;
			};
			name = Release;
		};
		870FCBC022BD0B2600F43EB7 /* Debug */ = {
			isa = XCBuildConfiguration;
			buildSettings = {
				CODE_SIGN_STYLE = Automatic;
				PRODUCT_NAME = "$(TARGET_NAME)";
			};
			name = Debug;
		};
		870FCBC122BD0B2600F43EB7 /* Release */ = {
			isa = XCBuildConfiguration;
			buildSettings = {
				CODE_SIGN_STYLE = Automatic;
				PRODUCT_NAME = "$(TARGET_NAME)";
			};
			name = Release;
		};
/* End XCBuildConfiguration section */

/* Begin XCConfigurationList section */
		870FCBB322BD0B2600F43EB7 /* Build configuration list for PBXProject "WestWorldWithMessaging" */ = {
			isa = XCConfigurationList;
			buildConfigurations = (
				870FCBBD22BD0B2600F43EB7 /* Debug */,
				870FCBBE22BD0B2600F43EB7 /* Release */,
			);
			defaultConfigurationIsVisible = 0;
			defaultConfigurationName = Release;
		};
		870FCBBF22BD0B2600F43EB7 /* Build configuration list for PBXNativeTarget "WestWorldWithMessaging" */ = {
			isa = XCConfigurationList;
			buildConfigurations = (
				870FCBC022BD0B2600F43EB7 /* Debug */,
				870FCBC122BD0B2600F43EB7 /* Release */,
			);
			defaultConfigurationIsVisible = 0;
			defaultConfigurationName = Release;
		};
/* End XCConfigurationList section */
	};
	rootObject = 870FCBB022BD0B2600F43EB7 /* Project object */;
}
